
Microsoft Visual Studio Solution File, Format Version 12.00
# Visual Studio Version 17
VisualStudioVersion = 17.3.32811.315
MinimumVisualStudioVersion = 10.0.40219.1
Project("{FAE04EC0-301F-11D3-BF4B-00C04F79EFBC}") = "Numero1", "Numero1\Numero1.csproj", "{92AB723A-1DE0-4447-81F9-28B27AF81C39}"
EndProject
Project("{FAE04EC0-301F-11D3-BF4B-00C04F79EFBC}") = "Numero2", "Numero2\Numero2.csproj", "{970418FD-B081-4E8F-BD6E-3638A1BA8E6E}"
EndProject
Project("{FAE04EC0-301F-11D3-BF4B-00C04F79EFBC}") = "Numero3", "Numero3\Numero3.csproj", "{DB50A224-4FE4-4890-BE0E-6042BD4E9B43}"
EndProject
Project("{FAE04EC0-301F-11D3-BF4B-00C04F79EFBC}") = "Numero4", "Numero4\Numero4.csproj", "{16DC81F7-04CD-485D-AAFF-79CCFF127684}"
EndProject
Global
	GlobalSection(SolutionConfigurationPlatforms) = preSolution
		Debug|Any CPU = Debug|Any CPU
		Release|Any CPU = Release|Any CPU
	EndGlobalSection
	GlobalSection(ProjectConfigurationPlatforms) = postSolution
		{92AB723A-1DE0-4447-81F9-28B27AF81C39}.Debug|Any CPU.ActiveCfg = Debug|Any CPU
		{92AB723A-1DE0-4447-81F9-28B27AF81C39}.Debug|Any CPU.Build.0 = Debug|Any CPU
		{92AB723A-1DE0-4447-81F9-28B27AF81C39}.Release|Any CPU.ActiveCfg = Release|Any CPU
		{92AB723A-1DE0-4447-81F9-28B27AF81C39}.Release|Any CPU.Build.0 = Release|Any CPU
		{970418FD-B081-4E8F-BD6E-3638A1BA8E6E}.Debug|Any CPU.ActiveCfg = Debug|Any CPU
		{970418FD-B081-4E8F-BD6E-3638A1BA8E6E}.Debug|Any CPU.Build.0 = Debug|Any CPU
		{970418FD-B081-4E8F-BD6E-3638A1BA8E6E}.Release|Any CPU.ActiveCfg = Release|Any CPU
		{970418FD-B081-4E8F-BD6E-3638A1BA8E6E}.Release|Any CPU.Build.0 = Release|Any CPU
		{DB50A224-4FE4-4890-BE0E-6042BD4E9B43}.Debug|Any CPU.ActiveCfg = Debug|Any CPU
		{DB50A224-4FE4-4890-BE0E-6042BD4E9B43}.Debug|Any CPU.Build.0 = Debug|Any CPU
		{DB50A224-4FE4-4890-BE0E-6042BD4E9B43}.Release|Any CPU.ActiveCfg = Release|Any CPU
		{DB50A224-4FE4-4890-BE0E-6042BD4E9B43}.Release|Any CPU.Build.0 = Release|Any CPU
		{16DC81F7-04CD-485D-AAFF-79CCFF127684}.Debug|Any CPU.ActiveCfg = Debug|Any CPU
		{16DC81F7-04CD-485D-AAFF-79CCFF127684}.Debug|Any CPU.Build.0 = Debug|Any CPU
		{16DC81F7-04CD-485D-AAFF-79CCFF127684}.Release|Any CPU.ActiveCfg = Release|Any CPU
		{16DC81F7-04CD-485D-AAFF-79CCFF127684}.Release|Any CPU.Build.0 = Release|Any CPU
	EndGlobalSection
	GlobalSection(SolutionProperties) = preSolution
		HideSolutionNode = FALSE
	EndGlobalSection
	GlobalSection(ExtensibilityGlobals) = postSolution
		SolutionGuid = {5AFBBC10-6429-431E-868E-DEBF96A25AE8}
	EndGlobalSection
EndGlobal
